// !$*UTF8*$!
{
	archiveVersion = 1;
	classes = {
	};
	objectVersion = 55;
	objects = {

/* Begin PBXBuildFile section */
		051C85E9280E614D00FB9F42 /* get_tyc_response.json in Resources */ = {isa = PBXBuildFile; fileRef = 051C85E8280E614D00FB9F42 /* get_tyc_response.json */; };
		05B17977280BAC6D0097AB66 /* AsyncPostView.swift in Sources */ = {isa = PBXBuildFile; fileRef = 05B17976280BAC6D0097AB66 /* AsyncPostView.swift */; };
		05B17979280BACE70097AB66 /* AsyncPostViewModel.swift in Sources */ = {isa = PBXBuildFile; fileRef = 05B17978280BACE70097AB66 /* AsyncPostViewModel.swift */; };
		05B1797C280BAD890097AB66 /* WebService.swift in Sources */ = {isa = PBXBuildFile; fileRef = 05B1797B280BAD890097AB66 /* WebService.swift */; };
		05BD93EA280CE7D3001FBA8B /* CommentModel.swift in Sources */ = {isa = PBXBuildFile; fileRef = 05BD93E9280CE7D3001FBA8B /* CommentModel.swift */; };
		05CA6EB827E039080059C294 /* JsonPostAppApp.swift in Sources */ = {isa = PBXBuildFile; fileRef = 05CA6EB727E039080059C294 /* JsonPostAppApp.swift */; };
		05CA6EBA27E039080059C294 /* ContentView.swift in Sources */ = {isa = PBXBuildFile; fileRef = 05CA6EB927E039080059C294 /* ContentView.swift */; };
		05CA6EBC27E0390A0059C294 /* Assets.xcassets in Resources */ = {isa = PBXBuildFile; fileRef = 05CA6EBB27E0390A0059C294 /* Assets.xcassets */; };
		05CA6EBF27E0390A0059C294 /* Preview Assets.xcassets in Resources */ = {isa = PBXBuildFile; fileRef = 05CA6EBE27E0390A0059C294 /* Preview Assets.xcassets */; };
		05CA6EC927E0390A0059C294 /* JsonPostAppTests.swift in Sources */ = {isa = PBXBuildFile; fileRef = 05CA6EC827E0390A0059C294 /* JsonPostAppTests.swift */; };
		05CA6ED327E0390A0059C294 /* JsonPostAppUITests.swift in Sources */ = {isa = PBXBuildFile; fileRef = 05CA6ED227E0390A0059C294 /* JsonPostAppUITests.swift */; };
		05CA6ED527E0390A0059C294 /* JsonPostAppUITestsLaunchTests.swift in Sources */ = {isa = PBXBuildFile; fileRef = 05CA6ED427E0390A0059C294 /* JsonPostAppUITestsLaunchTests.swift */; };
		05CA6EE527E03A200059C294 /* PostView.swift in Sources */ = {isa = PBXBuildFile; fileRef = 05CA6EE427E03A200059C294 /* PostView.swift */; };
		05CB1A8127E15AE4002442AD /* SegmentedControlView.swift in Sources */ = {isa = PBXBuildFile; fileRef = 05CB1A8027E15AE4002442AD /* SegmentedControlView.swift */; };
		05CB1A8627E162CD002442AD /* PostModel.swift in Sources */ = {isa = PBXBuildFile; fileRef = 05CB1A8527E162CD002442AD /* PostModel.swift */; };
		05CB1A8827E16379002442AD /* PostViewModel.swift in Sources */ = {isa = PBXBuildFile; fileRef = 05CB1A8727E16379002442AD /* PostViewModel.swift */; };
		05CB311627E2BC5400BE178B /* PostRow.swift in Sources */ = {isa = PBXBuildFile; fileRef = 05CB311527E2BC5400BE178B /* PostRow.swift */; };
		C820B7E127E3DCF300DC9742 /* posts.json in Resources */ = {isa = PBXBuildFile; fileRef = C820B7E027E3DCF300DC9742 /* posts.json */; };
/* End PBXBuildFile section */

/* Begin PBXContainerItemProxy section */
		05CA6EC527E0390A0059C294 /* PBXContainerItemProxy */ = {
			isa = PBXContainerItemProxy;
			containerPortal = 05CA6EAC27E039080059C294 /* Project object */;
			proxyType = 1;
			remoteGlobalIDString = 05CA6EB327E039080059C294;
			remoteInfo = JsonPostApp;
		};
		05CA6ECF27E0390A0059C294 /* PBXContainerItemProxy */ = {
			isa = PBXContainerItemProxy;
			containerPortal = 05CA6EAC27E039080059C294 /* Project object */;
			proxyType = 1;
			remoteGlobalIDString = 05CA6EB327E039080059C294;
			remoteInfo = JsonPostApp;
		};
/* End PBXContainerItemProxy section */

/* Begin PBXFileReference section */
		051C85E8280E614D00FB9F42 /* get_tyc_response.json */ = {isa = PBXFileReference; fileEncoding = 4; lastKnownFileType = text.json; path = get_tyc_response.json; sourceTree = "<group>"; };
		05B17976280BAC6D0097AB66 /* AsyncPostView.swift */ = {isa = PBXFileReference; lastKnownFileType = sourcecode.swift; path = AsyncPostView.swift; sourceTree = "<group>"; };
		05B17978280BACE70097AB66 /* AsyncPostViewModel.swift */ = {isa = PBXFileReference; lastKnownFileType = sourcecode.swift; path = AsyncPostViewModel.swift; sourceTree = "<group>"; };
		05B1797B280BAD890097AB66 /* WebService.swift */ = {isa = PBXFileReference; lastKnownFileType = sourcecode.swift; path = WebService.swift; sourceTree = "<group>"; };
		05BD93E9280CE7D3001FBA8B /* CommentModel.swift */ = {isa = PBXFileReference; lastKnownFileType = sourcecode.swift; path = CommentModel.swift; sourceTree = "<group>"; };
		05CA6EB427E039080059C294 /* JsonPostApp.app */ = {isa = PBXFileReference; explicitFileType = wrapper.application; includeInIndex = 0; path = JsonPostApp.app; sourceTree = BUILT_PRODUCTS_DIR; };
		05CA6EB727E039080059C294 /* JsonPostAppApp.swift */ = {isa = PBXFileReference; lastKnownFileType = sourcecode.swift; path = JsonPostAppApp.swift; sourceTree = "<group>"; };
		05CA6EB927E039080059C294 /* ContentView.swift */ = {isa = PBXFileReference; lastKnownFileType = sourcecode.swift; path = ContentView.swift; sourceTree = "<group>"; };
		05CA6EBB27E0390A0059C294 /* Assets.xcassets */ = {isa = PBXFileReference; lastKnownFileType = folder.assetcatalog; path = Assets.xcassets; sourceTree = "<group>"; };
		05CA6EBE27E0390A0059C294 /* Preview Assets.xcassets */ = {isa = PBXFileReference; lastKnownFileType = folder.assetcatalog; path = "Preview Assets.xcassets"; sourceTree = "<group>"; };
		05CA6EC427E0390A0059C294 /* JsonPostAppTests.xctest */ = {isa = PBXFileReference; explicitFileType = wrapper.cfbundle; includeInIndex = 0; path = JsonPostAppTests.xctest; sourceTree = BUILT_PRODUCTS_DIR; };
		05CA6EC827E0390A0059C294 /* JsonPostAppTests.swift */ = {isa = PBXFileReference; lastKnownFileType = sourcecode.swift; path = JsonPostAppTests.swift; sourceTree = "<group>"; };
		05CA6ECE27E0390A0059C294 /* JsonPostAppUITests.xctest */ = {isa = PBXFileReference; explicitFileType = wrapper.cfbundle; includeInIndex = 0; path = JsonPostAppUITests.xctest; sourceTree = BUILT_PRODUCTS_DIR; };
		05CA6ED227E0390A0059C294 /* JsonPostAppUITests.swift */ = {isa = PBXFileReference; lastKnownFileType = sourcecode.swift; path = JsonPostAppUITests.swift; sourceTree = "<group>"; };
		05CA6ED427E0390A0059C294 /* JsonPostAppUITestsLaunchTests.swift */ = {isa = PBXFileReference; lastKnownFileType = sourcecode.swift; path = JsonPostAppUITestsLaunchTests.swift; sourceTree = "<group>"; };
		05CA6EE427E03A200059C294 /* PostView.swift */ = {isa = PBXFileReference; lastKnownFileType = sourcecode.swift; path = PostView.swift; sourceTree = "<group>"; };
		05CB1A8027E15AE4002442AD /* SegmentedControlView.swift */ = {isa = PBXFileReference; lastKnownFileType = sourcecode.swift; path = SegmentedControlView.swift; sourceTree = "<group>"; };
		05CB1A8527E162CD002442AD /* PostModel.swift */ = {isa = PBXFileReference; lastKnownFileType = sourcecode.swift; path = PostModel.swift; sourceTree = "<group>"; };
		05CB1A8727E16379002442AD /* PostViewModel.swift */ = {isa = PBXFileReference; lastKnownFileType = sourcecode.swift; path = PostViewModel.swift; sourceTree = "<group>"; };
		05CB311527E2BC5400BE178B /* PostRow.swift */ = {isa = PBXFileReference; lastKnownFileType = sourcecode.swift; path = PostRow.swift; sourceTree = "<group>"; };
		C820B7E027E3DCF300DC9742 /* posts.json */ = {isa = PBXFileReference; fileEncoding = 4; lastKnownFileType = text.json; path = posts.json; sourceTree = "<group>"; };
/* End PBXFileReference section */

/* Begin PBXFrameworksBuildPhase section */
		05CA6EB127E039080059C294 /* Frameworks */ = {
			isa = PBXFrameworksBuildPhase;
			buildActionMask = 2147483647;
			files = (
			);
			runOnlyForDeploymentPostprocessing = 0;
		};
		05CA6EC127E0390A0059C294 /* Frameworks */ = {
			isa = PBXFrameworksBuildPhase;
			buildActionMask = 2147483647;
			files = (
			);
			runOnlyForDeploymentPostprocessing = 0;
		};
		05CA6ECB27E0390A0059C294 /* Frameworks */ = {
			isa = PBXFrameworksBuildPhase;
			buildActionMask = 2147483647;
			files = (
			);
			runOnlyForDeploymentPostprocessing = 0;
		};
/* End PBXFrameworksBuildPhase section */

/* Begin PBXGroup section */
		05B17975280BAC550097AB66 /* AsyncWay */ = {
			isa = PBXGroup;
			children = (
				05B17976280BAC6D0097AB66 /* AsyncPostView.swift */,
			);
			path = AsyncWay;
			sourceTree = "<group>";
		};
		05B1797A280BAD790097AB66 /* WebService */ = {
			isa = PBXGroup;
			children = (
				05B1797B280BAD890097AB66 /* WebService.swift */,
			);
			path = WebService;
			sourceTree = "<group>";
		};
		05CA6EAB27E039080059C294 = {
			isa = PBXGroup;
			children = (
				05CA6EB627E039080059C294 /* JsonPostApp */,
				05CA6EC727E0390A0059C294 /* JsonPostAppTests */,
				05CA6ED127E0390A0059C294 /* JsonPostAppUITests */,
				05CA6EB527E039080059C294 /* Products */,
			);
			sourceTree = "<group>";
		};
		05CA6EB527E039080059C294 /* Products */ = {
			isa = PBXGroup;
			children = (
				05CA6EB427E039080059C294 /* JsonPostApp.app */,
				05CA6EC427E0390A0059C294 /* JsonPostAppTests.xctest */,
				05CA6ECE27E0390A0059C294 /* JsonPostAppUITests.xctest */,
			);
			name = Products;
			sourceTree = "<group>";
		};
		05CA6EB627E039080059C294 /* JsonPostApp */ = {
			isa = PBXGroup;
			children = (
				05B1797A280BAD790097AB66 /* WebService */,
				05CB1A8227E1622E002442AD /* Resources */,
				05CA6EE327E039760059C294 /* Model */,
				05CA6EE227E039710059C294 /* View */,
				05CA6EE127E0396B0059C294 /* ViewModel */,
				05CA6EB727E039080059C294 /* JsonPostAppApp.swift */,
				05CA6EB927E039080059C294 /* ContentView.swift */,
				05CA6EBB27E0390A0059C294 /* Assets.xcassets */,
				05CA6EBD27E0390A0059C294 /* Preview Content */,
			);
			path = JsonPostApp;
			sourceTree = "<group>";
		};
		05CA6EBD27E0390A0059C294 /* Preview Content */ = {
			isa = PBXGroup;
			children = (
				05CA6EBE27E0390A0059C294 /* Preview Assets.xcassets */,
			);
			path = "Preview Content";
			sourceTree = "<group>";
		};
		05CA6EC727E0390A0059C294 /* JsonPostAppTests */ = {
			isa = PBXGroup;
			children = (
				05CA6EC827E0390A0059C294 /* JsonPostAppTests.swift */,
			);
			path = JsonPostAppTests;
			sourceTree = "<group>";
		};
		05CA6ED127E0390A0059C294 /* JsonPostAppUITests */ = {
			isa = PBXGroup;
			children = (
				05CA6ED227E0390A0059C294 /* JsonPostAppUITests.swift */,
				05CA6ED427E0390A0059C294 /* JsonPostAppUITestsLaunchTests.swift */,
			);
			path = JsonPostAppUITests;
			sourceTree = "<group>";
		};
		05CA6EE127E0396B0059C294 /* ViewModel */ = {
			isa = PBXGroup;
			children = (
				05CB1A8727E16379002442AD /* PostViewModel.swift */,
				05B17978280BACE70097AB66 /* AsyncPostViewModel.swift */,
			);
			path = ViewModel;
			sourceTree = "<group>";
		};
		05CA6EE227E039710059C294 /* View */ = {
			isa = PBXGroup;
			children = (
				05B17975280BAC550097AB66 /* AsyncWay */,
				05CB1A7F27E15AD0002442AD /* Components */,
				05CA6EE427E03A200059C294 /* PostView.swift */,
			);
			path = View;
			sourceTree = "<group>";
		};
		05CA6EE327E039760059C294 /* Model */ = {
			isa = PBXGroup;
			children = (
				05CB1A8527E162CD002442AD /* PostModel.swift */,
				05BD93E9280CE7D3001FBA8B /* CommentModel.swift */,
			);
			path = Model;
			sourceTree = "<group>";
		};
		05CB1A7F27E15AD0002442AD /* Components */ = {
			isa = PBXGroup;
			children = (
				05CB1A8027E15AE4002442AD /* SegmentedControlView.swift */,
				05CB311527E2BC5400BE178B /* PostRow.swift */,
			);
			path = Components;
			sourceTree = "<group>";
		};
		05CB1A8227E1622E002442AD /* Resources */ = {
			isa = PBXGroup;
			children = (
				051C85E8280E614D00FB9F42 /* get_tyc_response.json */,
				C820B7E027E3DCF300DC9742 /* posts.json */,
			);
			path = Resources;
			sourceTree = "<group>";
		};
/* End PBXGroup section */

/* Begin PBXNativeTarget section */
		05CA6EB327E039080059C294 /* JsonPostApp */ = {
			isa = PBXNativeTarget;
			buildConfigurationList = 05CA6ED827E0390A0059C294 /* Build configuration list for PBXNativeTarget "JsonPostApp" */;
			buildPhases = (
				05CA6EB027E039080059C294 /* Sources */,
				05CA6EB127E039080059C294 /* Frameworks */,
				05CA6EB227E039080059C294 /* Resources */,
			);
			buildRules = (
			);
			dependencies = (
			);
			name = JsonPostApp;
			productName = JsonPostApp;
			productReference = 05CA6EB427E039080059C294 /* JsonPostApp.app */;
			productType = "com.apple.product-type.application";
		};
		05CA6EC327E0390A0059C294 /* JsonPostAppTests */ = {
			isa = PBXNativeTarget;
			buildConfigurationList = 05CA6EDB27E0390A0059C294 /* Build configuration list for PBXNativeTarget "JsonPostAppTests" */;
			buildPhases = (
				05CA6EC027E0390A0059C294 /* Sources */,
				05CA6EC127E0390A0059C294 /* Frameworks */,
				05CA6EC227E0390A0059C294 /* Resources */,
			);
			buildRules = (
			);
			dependencies = (
				05CA6EC627E0390A0059C294 /* PBXTargetDependency */,
			);
			name = JsonPostAppTests;
			productName = JsonPostAppTests;
			productReference = 05CA6EC427E0390A0059C294 /* JsonPostAppTests.xctest */;
			productType = "com.apple.product-type.bundle.unit-test";
		};
		05CA6ECD27E0390A0059C294 /* JsonPostAppUITests */ = {
			isa = PBXNativeTarget;
			buildConfigurationList = 05CA6EDE27E0390A0059C294 /* Build configuration list for PBXNativeTarget "JsonPostAppUITests" */;
			buildPhases = (
				05CA6ECA27E0390A0059C294 /* Sources */,
				05CA6ECB27E0390A0059C294 /* Frameworks */,
				05CA6ECC27E0390A0059C294 /* Resources */,
			);
			buildRules = (
			);
			dependencies = (
				05CA6ED027E0390A0059C294 /* PBXTargetDependency */,
			);
			name = JsonPostAppUITests;
			productName = JsonPostAppUITests;
			productReference = 05CA6ECE27E0390A0059C294 /* JsonPostAppUITests.xctest */;
			productType = "com.apple.product-type.bundle.ui-testing";
		};
/* End PBXNativeTarget section */

/* Begin PBXProject section */
		05CA6EAC27E039080059C294 /* Project object */ = {
			isa = PBXProject;
			attributes = {
				BuildIndependentTargetsInParallel = 1;
				LastSwiftUpdateCheck = 1310;
				LastUpgradeCheck = 1310;
				TargetAttributes = {
					05CA6EB327E039080059C294 = {
						CreatedOnToolsVersion = 13.1;
					};
					05CA6EC327E0390A0059C294 = {
						CreatedOnToolsVersion = 13.1;
						TestTargetID = 05CA6EB327E039080059C294;
					};
					05CA6ECD27E0390A0059C294 = {
						CreatedOnToolsVersion = 13.1;
						TestTargetID = 05CA6EB327E039080059C294;
					};
				};
			};
			buildConfigurationList = 05CA6EAF27E039080059C294 /* Build configuration list for PBXProject "JsonPostApp" */;
			compatibilityVersion = "Xcode 13.0";
			developmentRegion = en;
			hasScannedForEncodings = 0;
			knownRegions = (
				en,
				Base,
			);
			mainGroup = 05CA6EAB27E039080059C294;
			productRefGroup = 05CA6EB527E039080059C294 /* Products */;
			projectDirPath = "";
			projectRoot = "";
			targets = (
				05CA6EB327E039080059C294 /* JsonPostApp */,
				05CA6EC327E0390A0059C294 /* JsonPostAppTests */,
				05CA6ECD27E0390A0059C294 /* JsonPostAppUITests */,
			);
		};
/* End PBXProject section */

/* Begin PBXResourcesBuildPhase section */
		05CA6EB227E039080059C294 /* Resources */ = {
			isa = PBXResourcesBuildPhase;
			buildActionMask = 2147483647;
			files = (
				05CA6EBF27E0390A0059C294 /* Preview Assets.xcassets in Resources */,
				C820B7E127E3DCF300DC9742 /* posts.json in Resources */,
				051C85E9280E614D00FB9F42 /* get_tyc_response.json in Resources */,
				05CA6EBC27E0390A0059C294 /* Assets.xcassets in Resources */,
			);
			runOnlyForDeploymentPostprocessing = 0;
		};
		05CA6EC227E0390A0059C294 /* Resources */ = {
			isa = PBXResourcesBuildPhase;
			buildActionMask = 2147483647;
			files = (
			);
			runOnlyForDeploymentPostprocessing = 0;
		};
		05CA6ECC27E0390A0059C294 /* Resources */ = {
			isa = PBXResourcesBuildPhase;
			buildActionMask = 2147483647;
			files = (
			);
			runOnlyForDeploymentPostprocessing = 0;
		};
/* End PBXResourcesBuildPhase section */

/* Begin PBXSourcesBuildPhase section */
		05CA6EB027E039080059C294 /* Sources */ = {
			isa = PBXSourcesBuildPhase;
			buildActionMask = 2147483647;
			files = (
				05CB1A8827E16379002442AD /* PostViewModel.swift in Sources */,
				05B17979280BACE70097AB66 /* AsyncPostViewModel.swift in Sources */,
				05CB311627E2BC5400BE178B /* PostRow.swift in Sources */,
				05CA6EBA27E039080059C294 /* ContentView.swift in Sources */,
				05CB1A8627E162CD002442AD /* PostModel.swift in Sources */,
				05CB1A8127E15AE4002442AD /* SegmentedControlView.swift in Sources */,
				05B17977280BAC6D0097AB66 /* AsyncPostView.swift in Sources */,
				05BD93EA280CE7D3001FBA8B /* CommentModel.swift in Sources */,
				05CA6EE527E03A200059C294 /* PostView.swift in Sources */,
				05B1797C280BAD890097AB66 /* WebService.swift in Sources */,
				05CA6EB827E039080059C294 /* JsonPostAppApp.swift in Sources */,
			);
			runOnlyForDeploymentPostprocessing = 0;
		};
		05CA6EC027E0390A0059C294 /* Sources */ = {
			isa = PBXSourcesBuildPhase;
			buildActionMask = 2147483647;
			files = (
				05CA6EC927E0390A0059C294 /* JsonPostAppTests.swift in Sources */,
			);
			runOnlyForDeploymentPostprocessing = 0;
		};
		05CA6ECA27E0390A0059C294 /* Sources */ = {
			isa = PBXSourcesBuildPhase;
			buildActionMask = 2147483647;
			files = (
				05CA6ED527E0390A0059C294 /* JsonPostAppUITestsLaunchTests.swift in Sources */,
				05CA6ED327E0390A0059C294 /* JsonPostAppUITests.swift in Sources */,
			);
			runOnlyForDeploymentPostprocessing = 0;
		};
/* End PBXSourcesBuildPhase section */

/* Begin PBXTargetDependency section */
		05CA6EC627E0390A0059C294 /* PBXTargetDependency */ = {
			isa = PBXTargetDependency;
			target = 05CA6EB327E039080059C294 /* JsonPostApp */;
			targetProxy = 05CA6EC527E0390A0059C294 /* PBXContainerItemProxy */;
		};
		05CA6ED027E0390A0059C294 /* PBXTargetDependency */ = {
			isa = PBXTargetDependency;
			target = 05CA6EB327E039080059C294 /* JsonPostApp */;
			targetProxy = 05CA6ECF27E0390A0059C294 /* PBXContainerItemProxy */;
		};
/* End PBXTargetDependency section */

/* Begin XCBuildConfiguration section */
		05CA6ED627E0390A0059C294 /* Debug */ = {
			isa = XCBuildConfiguration;
			buildSettings = {
				ALWAYS_SEARCH_USER_PATHS = NO;
				CLANG_ANALYZER_NONNULL = YES;
				CLANG_ANALYZER_NUMBER_OBJECT_CONVERSION = YES_AGGRESSIVE;
				CLANG_CXX_LANGUAGE_STANDARD = "gnu++17";
				CLANG_CXX_LIBRARY = "libc++";
				CLANG_ENABLE_MODULES = YES;
				CLANG_ENABLE_OBJC_ARC = YES;
				CLANG_ENABLE_OBJC_WEAK = YES;
				CLANG_WARN_BLOCK_CAPTURE_AUTORELEASING = YES;
				CLANG_WARN_BOOL_CONVERSION = YES;
				CLANG_WARN_COMMA = YES;
				CLANG_WARN_CONSTANT_CONVERSION = YES;
				CLANG_WARN_DEPRECATED_OBJC_IMPLEMENTATIONS = YES;
				CLANG_WARN_DIRECT_OBJC_ISA_USAGE = YES_ERROR;
				CLANG_WARN_DOCUMENTATION_COMMENTS = YES;
				CLANG_WARN_EMPTY_BODY = YES;
				CLANG_WARN_ENUM_CONVERSION = YES;
				CLANG_WARN_INFINITE_RECURSION = YES;
				CLANG_WARN_INT_CONVERSION = YES;
				CLANG_WARN_NON_LITERAL_NULL_CONVERSION = YES;
				CLANG_WARN_OBJC_IMPLICIT_RETAIN_SELF = YES;
				CLANG_WARN_OBJC_LITERAL_CONVERSION = YES;
				CLANG_WARN_OBJC_ROOT_CLASS = YES_ERROR;
				CLANG_WARN_QUOTED_INCLUDE_IN_FRAMEWORK_HEADER = YES;
				CLANG_WARN_RANGE_LOOP_ANALYSIS = YES;
				CLANG_WARN_STRICT_PROTOTYPES = YES;
				CLANG_WARN_SUSPICIOUS_MOVE = YES;
				CLANG_WARN_UNGUARDED_AVAILABILITY = YES_AGGRESSIVE;
				CLANG_WARN_UNREACHABLE_CODE = YES;
				CLANG_WARN__DUPLICATE_METHOD_MATCH = YES;
				COPY_PHASE_STRIP = NO;
				DEBUG_INFORMATION_FORMAT = dwarf;
				ENABLE_STRICT_OBJC_MSGSEND = YES;
				ENABLE_TESTABILITY = YES;
				GCC_C_LANGUAGE_STANDARD = gnu11;
				GCC_DYNAMIC_NO_PIC = NO;
				GCC_NO_COMMON_BLOCKS = YES;
				GCC_OPTIMIZATION_LEVEL = 0;
				GCC_PREPROCESSOR_DEFINITIONS = (
					"DEBUG=1",
					"$(inherited)",
				);
				GCC_WARN_64_TO_32_BIT_CONVERSION = YES;
				GCC_WARN_ABOUT_RETURN_TYPE = YES_ERROR;
				GCC_WARN_UNDECLARED_SELECTOR = YES;
				GCC_WARN_UNINITIALIZED_AUTOS = YES_AGGRESSIVE;
				GCC_WARN_UNUSED_FUNCTION = YES;
				GCC_WARN_UNUSED_VARIABLE = YES;
				IPHONEOS_DEPLOYMENT_TARGET = 15.0;
				MTL_ENABLE_DEBUG_INFO = INCLUDE_SOURCE;
				MTL_FAST_MATH = YES;
				ONLY_ACTIVE_ARCH = YES;
				SDKROOT = iphoneos;
				SWIFT_ACTIVE_COMPILATION_CONDITIONS = DEBUG;
				SWIFT_OPTIMIZATION_LEVEL = "-Onone";
			};
			name = Debug;
		};
		05CA6ED727E0390A0059C294 /* Release */ = {
			isa = XCBuildConfiguration;
			buildSettings = {
				ALWAYS_SEARCH_USER_PATHS = NO;
				CLANG_ANALYZER_NONNULL = YES;
				CLANG_ANALYZER_NUMBER_OBJECT_CONVERSION = YES_AGGRESSIVE;
				CLANG_CXX_LANGUAGE_STANDARD = "gnu++17";
				CLANG_CXX_LIBRARY = "libc++";
				CLANG_ENABLE_MODULES = YES;
				CLANG_ENABLE_OBJC_ARC = YES;
				CLANG_ENABLE_OBJC_WEAK = YES;
				CLANG_WARN_BLOCK_CAPTURE_AUTORELEASING = YES;
				CLANG_WARN_BOOL_CONVERSION = YES;
				CLANG_WARN_COMMA = YES;
				CLANG_WARN_CONSTANT_CONVERSION = YES;
				CLANG_WARN_DEPRECATED_OBJC_IMPLEMENTATIONS = YES;
				CLANG_WARN_DIRECT_OBJC_ISA_USAGE = YES_ERROR;
				CLANG_WARN_DOCUMENTATION_COMMENTS = YES;
				CLANG_WARN_EMPTY_BODY = YES;
				CLANG_WARN_ENUM_CONVERSION = YES;
				CLANG_WARN_INFINITE_RECURSION = YES;
				CLANG_WARN_INT_CONVERSION = YES;
				CLANG_WARN_NON_LITERAL_NULL_CONVERSION = YES;
				CLANG_WARN_OBJC_IMPLICIT_RETAIN_SELF = YES;
				CLANG_WARN_OBJC_LITERAL_CONVERSION = YES;
				CLANG_WARN_OBJC_ROOT_CLASS = YES_ERROR;
				CLANG_WARN_QUOTED_INCLUDE_IN_FRAMEWORK_HEADER = YES;
				CLANG_WARN_RANGE_LOOP_ANALYSIS = YES;
				CLANG_WARN_STRICT_PROTOTYPES = YES;
				CLANG_WARN_SUSPICIOUS_MOVE = YES;
				CLANG_WARN_UNGUARDED_AVAILABILITY = YES_AGGRESSIVE;
				CLANG_WARN_UNREACHABLE_CODE = YES;
				CLANG_WARN__DUPLICATE_METHOD_MATCH = YES;
				COPY_PHASE_STRIP = NO;
				DEBUG_INFORMATION_FORMAT = "dwarf-with-dsym";
				ENABLE_NS_ASSERTIONS = NO;
				ENABLE_STRICT_OBJC_MSGSEND = YES;
				GCC_C_LANGUAGE_STANDARD = gnu11;
				GCC_NO_COMMON_BLOCKS = YES;
				GCC_WARN_64_TO_32_BIT_CONVERSION = YES;
				GCC_WARN_ABOUT_RETURN_TYPE = YES_ERROR;
				GCC_WARN_UNDECLARED_SELECTOR = YES;
				GCC_WARN_UNINITIALIZED_AUTOS = YES_AGGRESSIVE;
				GCC_WARN_UNUSED_FUNCTION = YES;
				GCC_WARN_UNUSED_VARIABLE = YES;
				IPHONEOS_DEPLOYMENT_TARGET = 15.0;
				MTL_ENABLE_DEBUG_INFO = NO;
				MTL_FAST_MATH = YES;
				SDKROOT = iphoneos;
				SWIFT_COMPILATION_MODE = wholemodule;
				SWIFT_OPTIMIZATION_LEVEL = "-O";
				VALIDATE_PRODUCT = YES;
			};
			name = Release;
		};
		05CA6ED927E0390A0059C294 /* Debug */ = {
			isa = XCBuildConfiguration;
			buildSettings = {
				ASSETCATALOG_COMPILER_APPICON_NAME = AppIcon;
				ASSETCATALOG_COMPILER_GLOBAL_ACCENT_COLOR_NAME = AccentColor;
				CODE_SIGN_STYLE = Automatic;
				CURRENT_PROJECT_VERSION = 1;
				DEVELOPMENT_ASSET_PATHS = "\"JsonPostApp/Preview Content\"";
				ENABLE_PREVIEWS = YES;
				GENERATE_INFOPLIST_FILE = YES;
				INFOPLIST_KEY_UIApplicationSceneManifest_Generation = YES;
				INFOPLIST_KEY_UIApplicationSupportsIndirectInputEvents = YES;
				INFOPLIST_KEY_UILaunchScreen_Generation = YES;
				INFOPLIST_KEY_UISupportedInterfaceOrientations_iPad = "UIInterfaceOrientationPortrait UIInterfaceOrientationPortraitUpsideDown UIInterfaceOrientationLandscapeLeft UIInterfaceOrientationLandscapeRight";
				INFOPLIST_KEY_UISupportedInterfaceOrientations_iPhone = "UIInterfaceOrientationPortrait UIInterfaceOrientationLandscapeLeft UIInterfaceOrientationLandscapeRight";
				LD_RUNPATH_SEARCH_PATHS = (
					"$(inherited)",
					"@executable_path/Frameworks",
				);
				MARKETING_VERSION = 1.0;
				PRODUCT_BUNDLE_IDENTIFIER = com.aldair.dev369.JsonPostApp;
				PRODUCT_NAME = "$(TARGET_NAME)";
				SWIFT_EMIT_LOC_STRINGS = YES;
				SWIFT_VERSION = 5.0;
				TARGETED_DEVICE_FAMILY = "1,2";
			};
			name = Debug;
		};
		05CA6EDA27E0390A0059C294 /* Release */ = {
			isa = XCBuildConfiguration;
			buildSettings = {
				ASSETCATALOG_COMPILER_APPICON_NAME = AppIcon;
				ASSETCATALOG_COMPILER_GLOBAL_ACCENT_COLOR_NAME = AccentColor;
				CODE_SIGN_STYLE = Automatic;
				CURRENT_PROJECT_VERSION = 1;
				DEVELOPMENT_ASSET_PATHS = "\"JsonPostApp/Preview Content\"";
				ENABLE_PREVIEWS = YES;
				GENERATE_INFOPLIST_FILE = YES;
				INFOPLIST_KEY_UIApplicationSceneManifest_Generation = YES;
				INFOPLIST_KEY_UIApplicationSupportsIndirectInputEvents = YES;
				INFOPLIST_KEY_UILaunchScreen_Generation = YES;
				INFOPLIST_KEY_UISupportedInterfaceOrientations_iPad = "UIInterfaceOrientationPortrait UIInterfaceOrientationPortraitUpsideDown UIInterfaceOrientationLandscapeLeft UIInterfaceOrientationLandscapeRight";
				INFOPLIST_KEY_UISupportedInterfaceOrientations_iPhone = "UIInterfaceOrientationPortrait UIInterfaceOrientationLandscapeLeft UIInterfaceOrientationLandscapeRight";
				LD_RUNPATH_SEARCH_PATHS = (
					"$(inherited)",
					"@executable_path/Frameworks",
				);
				MARKETING_VERSION = 1.0;
				PRODUCT_BUNDLE_IDENTIFIER = com.aldair.dev369.JsonPostApp;
				PRODUCT_NAME = "$(TARGET_NAME)";
				SWIFT_EMIT_LOC_STRINGS = YES;
				SWIFT_VERSION = 5.0;
				TARGETED_DEVICE_FAMILY = "1,2";
			};
			name = Release;
		};
		05CA6EDC27E0390A0059C294 /* Debug */ = {
			isa = XCBuildConfiguration;
			buildSettings = {
				ALWAYS_EMBED_SWIFT_STANDARD_LIBRARIES = YES;
				BUNDLE_LOADER = "$(TEST_HOST)";
				CODE_SIGN_STYLE = Automatic;
				CURRENT_PROJECT_VERSION = 1;
				GENERATE_INFOPLIST_FILE = YES;
				IPHONEOS_DEPLOYMENT_TARGET = 15.0;
				LD_RUNPATH_SEARCH_PATHS = (
					"$(inherited)",
					"@executable_path/Frameworks",
					"@loader_path/Frameworks",
				);
				MARKETING_VERSION = 1.0;
				PRODUCT_BUNDLE_IDENTIFIER = com.aldair.dev369.JsonPostAppTests;
				PRODUCT_NAME = "$(TARGET_NAME)";
				SWIFT_EMIT_LOC_STRINGS = NO;
				SWIFT_VERSION = 5.0;
				TARGETED_DEVICE_FAMILY = "1,2";
				TEST_HOST = "$(BUILT_PRODUCTS_DIR)/JsonPostApp.app/JsonPostApp";
			};
			name = Debug;
		};
		05CA6EDD27E0390A0059C294 /* Release */ = {
			isa = XCBuildConfiguration;
			buildSettings = {
				ALWAYS_EMBED_SWIFT_STANDARD_LIBRARIES = YES;
				BUNDLE_LOADER = "$(TEST_HOST)";
				CODE_SIGN_STYLE = Automatic;
				CURRENT_PROJECT_VERSION = 1;
				GENERATE_INFOPLIST_FILE = YES;
				IPHONEOS_DEPLOYMENT_TARGET = 15.0;
				LD_RUNPATH_SEARCH_PATHS = (
					"$(inherited)",
					"@executable_path/Frameworks",
					"@loader_path/Frameworks",
				);
				MARKETING_VERSION = 1.0;
				PRODUCT_BUNDLE_IDENTIFIER = com.aldair.dev369.JsonPostAppTests;
				PRODUCT_NAME = "$(TARGET_NAME)";
				SWIFT_EMIT_LOC_STRINGS = NO;
				SWIFT_VERSION = 5.0;
				TARGETED_DEVICE_FAMILY = "1,2";
				TEST_HOST = "$(BUILT_PRODUCTS_DIR)/JsonPostApp.app/JsonPostApp";
			};
			name = Release;
		};
		05CA6EDF27E0390A0059C294 /* Debug */ = {
			isa = XCBuildConfiguration;
			buildSettings = {
				ALWAYS_EMBED_SWIFT_STANDARD_LIBRARIES = YES;
				CODE_SIGN_STYLE = Automatic;
				CURRENT_PROJECT_VERSION = 1;
				GENERATE_INFOPLIST_FILE = YES;
				LD_RUNPATH_SEARCH_PATHS = (
					"$(inherited)",
					"@executable_path/Frameworks",
					"@loader_path/Frameworks",
				);
				MARKETING_VERSION = 1.0;
				PRODUCT_BUNDLE_IDENTIFIER = com.aldair.dev369.JsonPostAppUITests;
				PRODUCT_NAME = "$(TARGET_NAME)";
				SWIFT_EMIT_LOC_STRINGS = NO;
				SWIFT_VERSION = 5.0;
				TARGETED_DEVICE_FAMILY = "1,2";
				TEST_TARGET_NAME = JsonPostApp;
			};
			name = Debug;
		};
		05CA6EE027E0390A0059C294 /* Release */ = {
			isa = XCBuildConfiguration;
			buildSettings = {
				ALWAYS_EMBED_SWIFT_STANDARD_LIBRARIES = YES;
				CODE_SIGN_STYLE = Automatic;
				CURRENT_PROJECT_VERSION = 1;
				GENERATE_INFOPLIST_FILE = YES;
				LD_RUNPATH_SEARCH_PATHS = (
					"$(inherited)",
					"@executable_path/Frameworks",
					"@loader_path/Frameworks",
				);
				MARKETING_VERSION = 1.0;
				PRODUCT_BUNDLE_IDENTIFIER = com.aldair.dev369.JsonPostAppUITests;
				PRODUCT_NAME = "$(TARGET_NAME)";
				SWIFT_EMIT_LOC_STRINGS = NO;
				SWIFT_VERSION = 5.0;
				TARGETED_DEVICE_FAMILY = "1,2";
				TEST_TARGET_NAME = JsonPostApp;
			};
			name = Release;
		};
/* End XCBuildConfiguration section */

/* Begin XCConfigurationList section */
		05CA6EAF27E039080059C294 /* Build configuration list for PBXProject "JsonPostApp" */ = {
			isa = XCConfigurationList;
			buildConfigurations = (
				05CA6ED627E0390A0059C294 /* Debug */,
				05CA6ED727E0390A0059C294 /* Release */,
			);
			defaultConfigurationIsVisible = 0;
			defaultConfigurationName = Release;
		};
		05CA6ED827E0390A0059C294 /* Build configuration list for PBXNativeTarget "JsonPostApp" */ = {
			isa = XCConfigurationList;
			buildConfigurations = (
				05CA6ED927E0390A0059C294 /* Debug */,
				05CA6EDA27E0390A0059C294 /* Release */,
			);
			defaultConfigurationIsVisible = 0;
			defaultConfigurationName = Release;
		};
		05CA6EDB27E0390A0059C294 /* Build configuration list for PBXNativeTarget "JsonPostAppTests" */ = {
			isa = XCConfigurationList;
			buildConfigurations = (
				05CA6EDC27E0390A0059C294 /* Debug */,
				05CA6EDD27E0390A0059C294 /* Release */,
			);
			defaultConfigurationIsVisible = 0;
			defaultConfigurationName = Release;
		};
		05CA6EDE27E0390A0059C294 /* Build configuration list for PBXNativeTarget "JsonPostAppUITests" */ = {
			isa = XCConfigurationList;
			buildConfigurations = (
				05CA6EDF27E0390A0059C294 /* Debug */,
				05CA6EE027E0390A0059C294 /* Release */,
			);
			defaultConfigurationIsVisible = 0;
			defaultConfigurationName = Release;
		};
/* End XCConfigurationList section */
	};
	rootObject = 05CA6EAC27E039080059C294 /* Project object */;
}
